{
  "name": "penguin-wx",
  "version": "0.0.1",
  "lockfileVersion": 1,
  "requires": true,
  "dependencies": {
    "command-exists": {
      "version": "1.2.8",
      "resolved": "https://registry.npmjs.org/command-exists/-/command-exists-1.2.8.tgz",
      "integrity": "sha512-PM54PkseWbiiD/mMsbvW351/u+dafwTJ0ye2qB60G1aGQP9j3xK2gmMDc+R34L3nDtx4qMCitXT75mkbkGJDLw=="
    },
    "jspredict": {
      "version": "1.0.3",
      "resolved": "https://registry.npmjs.org/jspredict/-/jspredict-1.0.3.tgz",
      "integrity": "sha1-mW+U/NDHrLwEHRPcuUGj2oqkD/k=",
      "requires": {
        "moment": "^2.10.6",
        "satellite.js": "^1.2.0"
      }
    },
    "moment": {
      "version": "2.24.0",
      "resolved": "https://registry.npmjs.org/moment/-/moment-2.24.0.tgz",
      "integrity": "sha512-bV7f+6l2QigeBBZSM/6yTNq4P2fNpSWj/0e7jQcy87A8e7o2nAfP/34/2ky5Vw4B9S446EtIhodAzkFCcR4dQg=="
    },
    "satellite.js": {
      "version": "1.3.0",
      "resolved": "https://registry.npmjs.org/satellite.js/-/satellite.js-1.3.0.tgz",
      "integrity": "sha1-Aw0D/U3VJHLrfqejKMaTvQ6D2eU="
    }
  }
}
